
Microsoft Visual Studio Solution File, Format Version 12.00
# Visual Studio Version 17
VisualStudioVersion = 17.4.33122.133
MinimumVisualStudioVersion = 10.0.40219.1
Project("{9A19103F-16F7-4668-BE54-9A1E7A4F7556}") = "QjwAdmin", "QjwAdmin.csproj", "{777C959E-8C0E-4064-AF5E-583AF306D2FA}"
EndProject
Project("{FAE04EC0-301F-11D3-BF4B-00C04F79EFBC}") = "Model", "..\Model\Model.csproj", "{83230292-982C-4B58-95B0-D28010EDA628}"
EndProject
Global
	GlobalSection(SolutionConfigurationPlatforms) = preSolution
		Debug|Any CPU = Debug|Any CPU
		Release|Any CPU = Release|Any CPU
	EndGlobalSection
	GlobalSection(ProjectConfigurationPlatforms) = postSolution
		{777C959E-8C0E-4064-AF5E-583AF306D2FA}.Debug|Any CPU.ActiveCfg = Debug|Any CPU
		{777C959E-8C0E-4064-AF5E-583AF306D2FA}.Debug|Any CPU.Build.0 = Debug|Any CPU
		{777C959E-8C0E-4064-AF5E-583AF306D2FA}.Release|Any CPU.ActiveCfg = Release|Any CPU
		{777C959E-8C0E-4064-AF5E-583AF306D2FA}.Release|Any CPU.Build.0 = Release|Any CPU
		{83230292-982C-4B58-95B0-D28010EDA628}.Debug|Any CPU.ActiveCfg = Debug|Any CPU
		{83230292-982C-4B58-95B0-D28010EDA628}.Debug|Any CPU.Build.0 = Debug|Any CPU
		{83230292-982C-4B58-95B0-D28010EDA628}.Release|Any CPU.ActiveCfg = Release|Any CPU
		{83230292-982C-4B58-95B0-D28010EDA628}.Release|Any CPU.Build.0 = Release|Any CPU
	EndGlobalSection
	GlobalSection(SolutionProperties) = preSolution
		HideSolutionNode = FALSE
	EndGlobalSection
	GlobalSection(ExtensibilityGlobals) = postSolution
		SolutionGuid = {BE589ABE-3AB6-4FD8-A4A9-F8579BD333DB}
	EndGlobalSection
EndGlobal
